
Microsoft Visual Studio Solution File, Format Version 12.00
# Visual Studio Version 16
VisualStudioVersion = 16.0.30804.86
MinimumVisualStudioVersion = 10.0.40219.1
Project("{9A19103F-16F7-4668-BE54-9A1E7A4F7556}") = "VRChatFriends", "VRChatFriends\VRChatFriends.csproj", "{176C19F9-540F-4003-9036-9E2426BF7985}"
EndProject
Project("{9A19103F-16F7-4668-BE54-9A1E7A4F7556}") = "VRChatApi", "VRChatAPI\VRChatApi.csproj", "{29E7C826-E3C7-4F9C-BEF4-70E02159E885}"
EndProject
Global
	GlobalSection(SolutionConfigurationPlatforms) = preSolution
		Debug|Any CPU = Debug|Any CPU
		Release|Any CPU = Release|Any CPU
	EndGlobalSection
	GlobalSection(ProjectConfigurationPlatforms) = postSolution
		{176C19F9-540F-4003-9036-9E2426BF7985}.Debug|Any CPU.ActiveCfg = Debug|Any CPU
		{176C19F9-540F-4003-9036-9E2426BF7985}.Debug|Any CPU.Build.0 = Debug|Any CPU
		{176C19F9-540F-4003-9036-9E2426BF7985}.Release|Any CPU.ActiveCfg = Release|Any CPU
		{176C19F9-540F-4003-9036-9E2426BF7985}.Release|Any CPU.Build.0 = Release|Any CPU
		{29E7C826-E3C7-4F9C-BEF4-70E02159E885}.Debug|Any CPU.ActiveCfg = Debug|Any CPU
		{29E7C826-E3C7-4F9C-BEF4-70E02159E885}.Debug|Any CPU.Build.0 = Debug|Any CPU
		{29E7C826-E3C7-4F9C-BEF4-70E02159E885}.Release|Any CPU.ActiveCfg = Release|Any CPU
		{29E7C826-E3C7-4F9C-BEF4-70E02159E885}.Release|Any CPU.Build.0 = Release|Any CPU
	EndGlobalSection
	GlobalSection(SolutionProperties) = preSolution
		HideSolutionNode = FALSE
	EndGlobalSection
	GlobalSection(ExtensibilityGlobals) = postSolution
		SolutionGuid = {E3CE7AD8-2E7C-441D-AF47-BFD230F5EDCE}
	EndGlobalSection
EndGlobal
